
Microsoft Visual Studio Solution File, Format Version 12.00
# Visual Studio 15
VisualStudioVersion = 15.0.27428.2043
MinimumVisualStudioVersion = 10.0.40219.1
Project("{FAE04EC0-301F-11D3-BF4B-00C04F79EFBC}") = "SroPanelV1", "SroPanelV1\SroPanelV1.csproj", "{DFF6A72D-1DC1-4BD7-BA1A-91665DE9E34F}"
EndProject
Global
	GlobalSection(SolutionConfigurationPlatforms) = preSolution
		Debug|Any CPU = Debug|Any CPU
		Release|Any CPU = Release|Any CPU
	EndGlobalSection
	GlobalSection(ProjectConfigurationPlatforms) = postSolution
		{DFF6A72D-1DC1-4BD7-BA1A-91665DE9E34F}.Debug|Any CPU.ActiveCfg = Debug|Any CPU
		{DFF6A72D-1DC1-4BD7-BA1A-91665DE9E34F}.Debug|Any CPU.Build.0 = Debug|Any CPU
		{DFF6A72D-1DC1-4BD7-BA1A-91665DE9E34F}.Release|Any CPU.ActiveCfg = Release|Any CPU
		{DFF6A72D-1DC1-4BD7-BA1A-91665DE9E34F}.Release|Any CPU.Build.0 = Release|Any CPU
	EndGlobalSection
	GlobalSection(SolutionProperties) = preSolution
		HideSolutionNode = FALSE
	EndGlobalSection
	GlobalSection(ExtensibilityGlobals) = postSolution
		SolutionGuid = {8362EAE7-0ECD-4F36-BC4C-769EA6E38539}
	EndGlobalSection
EndGlobal
